{
  "version": "2",
  "remote": {
    "https://cdn.skypack.dev/-/date-fns@v2.29.3-0RSog6bigd3QCHssXhzG/dist=es2019,mode=imports/optimized/date-fns.js": "76c388491eb66a125296045d14baf2569c5bff73fbb742ecace8362426f027ae",
    "https://cdn.skypack.dev/date-fns@2.29.3": "182208ebcfd101338f365571cd1d3dd90cab04ff66b14c2253234afb7b26f91f",
    "https://deno.land/std@0.170.0/_util/asserts.ts": "d0844e9b62510f89ce1f9878b046f6a57bf88f208a10304aab50efcb48365272",
    "https://deno.land/std@0.170.0/_util/os.ts": "8a33345f74990e627b9dfe2de9b040004b08ea5146c7c9e8fe9a29070d193934",
    "https://deno.land/std@0.170.0/encoding/base64.ts": "8605e018e49211efc767686f6f687827d7f5fd5217163e981d8d693105640d7a",
    "https://deno.land/std@0.170.0/fmt/colors.ts": "03ad95e543d2808bc43c17a3dd29d25b43d0f16287fe562a0be89bf632454a12",
    "https://deno.land/std@0.170.0/path/_constants.ts": "df1db3ffa6dd6d1252cc9617e5d72165cd2483df90e93833e13580687b6083c3",
    "https://deno.land/std@0.170.0/path/_interface.ts": "ee3b431a336b80cf445441109d089b70d87d5e248f4f90ff906820889ecf8d09",
    "https://deno.land/std@0.170.0/path/_util.ts": "d16be2a16e1204b65f9d0dfc54a9bc472cafe5f4a190b3c8471ec2016ccd1677",
    "https://deno.land/std@0.170.0/path/common.ts": "bee563630abd2d97f99d83c96c2fa0cca7cee103e8cb4e7699ec4d5db7bd2633",
    "https://deno.land/std@0.170.0/path/glob.ts": "81cc6c72be002cd546c7a22d1f263f82f63f37fe0035d9726aa96fc8f6e4afa1",
    "https://deno.land/std@0.170.0/path/mod.ts": "cf7cec7ac11b7048bb66af8ae03513e66595c279c65cfa12bfc07d9599608b78",
    "https://deno.land/std@0.170.0/path/posix.ts": "b859684bc4d80edfd4cad0a82371b50c716330bed51143d6dcdbe59e6278b30c",
    "https://deno.land/std@0.170.0/path/separator.ts": "fe1816cb765a8068afb3e8f13ad272351c85cbc739af56dacfc7d93d710fe0f9",
    "https://deno.land/std@0.170.0/path/win32.ts": "7cebd2bda6657371adc00061a1d23fdd87bcdf64b4843bb148b0b24c11b40f69",
    "https://deno.land/std@0.173.0/_util/asserts.ts": "178dfc49a464aee693a7e285567b3d0b555dc805ff490505a8aae34f9cfb1462",
    "https://deno.land/std@0.173.0/_util/os.ts": "d932f56d41e4f6a6093d56044e29ce637f8dcc43c5a90af43504a889cf1775e3",
    "https://deno.land/std@0.173.0/flags/mod.ts": "d1cdefa18472ef69858a17df5cf7c98445ed27ac10e1460183081303b0ebc270",
    "https://deno.land/std@0.173.0/path/_constants.ts": "e49961f6f4f48039c0dfed3c3f93e963ca3d92791c9d478ac5b43183413136e0",
    "https://deno.land/std@0.173.0/path/_interface.ts": "6471159dfbbc357e03882c2266d21ef9afdb1e4aa771b0545e90db58a0ba314b",
    "https://deno.land/std@0.173.0/path/_util.ts": "86c2375a996c1931b2f2ac71fefd5ddf0cf0e579fa4ab12d3e4c552d4223b8d8",
    "https://deno.land/std@0.173.0/path/common.ts": "ee7505ab01fd22de3963b64e46cff31f40de34f9f8de1fff6a1bd2fe79380000",
    "https://deno.land/std@0.173.0/path/glob.ts": "d479e0a695621c94d3fd7fe7abd4f9499caf32a8de13f25073451c6ef420a4e1",
    "https://deno.land/std@0.173.0/path/mod.ts": "4b83694ac500d7d31b0cdafc927080a53dc0c3027eb2895790fb155082b0d232",
    "https://deno.land/std@0.173.0/path/posix.ts": "0874b341c2c6968ca38d323338b8b295ea1dae10fa872a768d812e2e7d634789",
    "https://deno.land/std@0.173.0/path/separator.ts": "0fb679739d0d1d7bf45b68dacfb4ec7563597a902edbaf3c59b50d5bcadd93b1",
    "https://deno.land/std@0.173.0/path/win32.ts": "672942919dd66ce1b8c224e77d3447e2ad8254eaff13fe6946420a9f78fa141e",
    "https://deno.land/x/cliffy@v0.25.7/_utils/distance.ts": "02af166952c7c358ac83beae397aa2fbca4ad630aecfcd38d92edb1ea429f004",
    "https://deno.land/x/cliffy@v0.25.7/ansi/ansi_escapes.ts": "885f61f343223f27b8ec69cc138a54bea30542924eacd0f290cd84edcf691387",
    "https://deno.land/x/cliffy@v0.25.7/ansi/chain.ts": "31fb9fcbf72fed9f3eb9b9487270d2042ccd46a612d07dd5271b1a80ae2140a0",
    "https://deno.land/x/cliffy@v0.25.7/ansi/cursor_position.ts": "d537491e31d9c254b208277448eff92ff7f55978c4928dea363df92c0df0813f",
    "https://deno.land/x/cliffy@v0.25.7/ansi/deps.ts": "0f35cb7e91868ce81561f6a77426ea8bc55dc15e13f84c7352f211023af79053",
    "https://deno.land/x/cliffy@v0.25.7/ansi/tty.ts": "8fb064c17ead6cdf00c2d3bc87a9fd17b1167f2daa575c42b516f38bdb604673",
    "https://deno.land/x/cliffy@v0.25.7/keycode/key_code.ts": "c4ab0ffd102c2534962b765ded6d8d254631821bf568143d9352c1cdcf7a24be",
    "https://deno.land/x/cliffy@v0.25.7/keycode/key_codes.ts": "917f0a2da0dbace08cf29bcfdaaa2257da9fe7e705fff8867d86ed69dfb08cfe",
    "https://deno.land/x/cliffy@v0.25.7/keycode/mod.ts": "292d2f295316c6e0da6955042a7b31ab2968ff09f2300541d00f05ed6c2aa2d4",
    "https://deno.land/x/cliffy@v0.25.7/prompt/_generic_input.ts": "737cff2de02c8ce35250f5dd79c67b5fc176423191a2abd1f471a90dd725659e",
    "https://deno.land/x/cliffy@v0.25.7/prompt/_generic_list.ts": "79b301bf09eb19f0d070d897f613f78d4e9f93100d7e9a26349ef0bfaa7408d2",
    "https://deno.land/x/cliffy@v0.25.7/prompt/_generic_prompt.ts": "8630ce89a66d83e695922df41721cada52900b515385d86def597dea35971bb2",
    "https://deno.land/x/cliffy@v0.25.7/prompt/_generic_suggestions.ts": "2a8b619f91e8f9a270811eff557f10f1343a444a527b5fc22c94de832939920c",
    "https://deno.land/x/cliffy@v0.25.7/prompt/_utils.ts": "676cca30762656ed1a9bcb21a7254244278a23ffc591750e98a501644b6d2df3",
    "https://deno.land/x/cliffy@v0.25.7/prompt/checkbox.ts": "e5a5a9adbb86835dffa2afbd23c6f7a8fe25a9d166485388ef25aba5dc3fbf9e",
    "https://deno.land/x/cliffy@v0.25.7/prompt/confirm.ts": "94c8e55de3bbcd53732804420935c432eab29945497d1c47c357d236a89cb5f6",
    "https://deno.land/x/cliffy@v0.25.7/prompt/deps.ts": "4c38ab18e55a792c9a136c1c29b2b6e21ea4820c45de7ef4cf517ce94012c57d",
    "https://deno.land/x/cliffy@v0.25.7/prompt/figures.ts": "26af0fbfe21497220e4b887bb550fab997498cde14703b98e78faf370fbb4b94",
    "https://deno.land/x/cliffy@v0.25.7/prompt/input.ts": "ee45532e0a30c2463e436e08ae291d79d1c2c40872e17364c96d2b97c279bf4d",
    "https://deno.land/x/cliffy@v0.25.7/prompt/list.ts": "6780427ff2a932a48c9b882d173c64802081d6cdce9ff618d66ba6504b6abc50",
    "https://deno.land/x/cliffy@v0.25.7/prompt/mod.ts": "195aed14d10d279914eaa28c696dec404d576ca424c097a5bc2b4a7a13b66c89",
    "https://deno.land/x/cliffy@v0.25.7/prompt/number.ts": "015305a76b50138234dde4fd50eb886c6c7c0baa1b314caf811484644acdc2cf",
    "https://deno.land/x/cliffy@v0.25.7/prompt/prompt.ts": "0e7f6a1d43475ee33fb25f7d50749b2f07fc0bcddd9579f3f9af12d05b4a4412",
    "https://deno.land/x/cliffy@v0.25.7/prompt/secret.ts": "58745f5231fb2c44294c4acf2511f8c5bfddfa1e12f259580ff90dedea2703d6",
    "https://deno.land/x/cliffy@v0.25.7/prompt/select.ts": "1e982eae85718e4e15a3ee10a5ae2233e532d7977d55888f3a309e8e3982b784",
    "https://deno.land/x/cliffy@v0.25.7/prompt/toggle.ts": "842c3754a40732f2e80bcd4670098713e402e64bd930e6cab2b787f7ad4d931a",
    "https://deno.land/x/dotenv@v3.2.0/mod.ts": "077b48773de9205266a0b44c3c3a3c3083449ed64bb0b6cc461b95720678d38e",
    "https://deno.land/x/dotenv@v3.2.0/util.ts": "693730877b13f8ead2b79b2aa31e2a0652862f7dc0c5f6d2f313f4d39c7b7670",
    "https://esm.noim.io/@vue/reactivity@3.2.45": "f62e7a148b6cdcf3406231d50ebb18e2dd4446b2fbfd1139588844cc20ce65fb",
    "https://esm.noim.io/@vue/runtime-core@3.2.45": "34a582c5e2caa7c572e24bed865b081aa694ba7b22f782b34fb95de3c6097f5d",
    "https://esm.noim.io/@vueuse/core@9.11.0?deps=@vue/shared@3.2.45&externals=@vue/runtime-dom": "3fee41102c379ef116c1fe354a508eb40eeb7fe30b723f15c46eefe4b31253c4",
    "https://esm.noim.io/date-fns@2.29.3": "1b2ec960311dc0b31809654b2109993ac013d1d732b3dfe9085d27e76f67d943",
    "https://esm.noim.io/date-fns@2.29.3/eachMinuteOfInterval": "43ebe565cee88a07092ba2fd9488d80727e1acc95f336a67b434c89aed1b8908",
    "https://esm.noim.io/date-fns@2.29.3?exports=subMilliseconds,subSeconds,eachMinuteOfInterval,subHours,addHours": "7860fab33dc27a89918fec6eb30ac1f01d4f17c44a5263b7569be2bd8001067b",
    "https://esm.noim.io/home-assistant-js-websocket@8.0.1": "a50e459fae7b291915399d29eec5b9285fb9eb478d9e917c12320d172fe6667c",
    "https://esm.noim.io/parse-duration@1.0.2": "8649ff89e374f812cb3067f9caa6df4c7182d762a95da366923590406ab86e1b",
    "https://esm.noim.io/stable/vue@3.2.45/deno/vue.js": "11fd4bb11564b35f944004ed7b10a2357fbf656e4d56e1b31c8f46c404b140a3",
    "https://esm.noim.io/suncalc3@2.0.5": "b7a6a1a0612e7326ff9f60e6f187c572ee911d014b5bc8154c747c2c51e3e1c6",
    "https://esm.noim.io/v103/@babel/parser@7.20.7/typings/babel-parser.d.ts": "b6a17f9be1df9d8ba0b1933dea1d5dcfb2d42345e5d7dc231cac125dd37b78c6",
    "https://esm.noim.io/v103/@babel/types@7.20.7/lib/index-legacy.d.ts": "500cd3a6b69408560fd50b7386c5bf0f1a11da7ece18357c8ca5cb4f21ff9f74",
    "https://esm.noim.io/v103/@vue/compiler-core@3.2.45/dist/compiler-core.d.ts": "2d75e1c7774aead4c806ccf180409177566c3dc3f5ecdbd7bbe0ba7b7db485fa",
    "https://esm.noim.io/v103/@vue/compiler-dom@3.2.45/dist/compiler-dom.d.ts": "28daf60ccefbb9735270647444bf298888a0450b8eb86de5e339175b555a4dbe",
    "https://esm.noim.io/v103/@vue/reactivity@3.2.45/deno/reactivity.js": "4c77c30cfc11e94d30cd167f3d72d52dc0a80e26f53918735a2dcd0c385448f2",
    "https://esm.noim.io/v103/@vue/reactivity@3.2.45/dist/reactivity.d.ts": "d24349fba32c62055d2e22a5b2f15ef82abac695880c806aafdbcc45c46b5b91",
    "https://esm.noim.io/v103/@vue/runtime-core@3.2.45/deno/runtime-core.js": "3f77f41b7fb454f8dca0c1f5912e669eaa00347200ef8fb691738fba37e6195f",
    "https://esm.noim.io/v103/@vue/runtime-core@3.2.45/dist/runtime-core.d.ts": "55ab8fb409fe623a397002838053c28923ad1531351b146a02b25120dd4b2246",
    "https://esm.noim.io/v103/@vue/runtime-dom@3.2.45/deno/runtime-dom.js": "18efb91e979ad4bcc2b47225a2962a78dd98f68b55af9b59e95f6d38b846c8c1",
    "https://esm.noim.io/v103/@vue/runtime-dom@3.2.45/dist/runtime-dom.d.ts": "2d01a824b1253cd0c6cc6bd3f936e20fc7500358ab25bd4b57877e61f6ff721b",
    "https://esm.noim.io/v103/@vue/shared@3.2.45/deno/shared.js": "9a1e5d94159c46b583bec94b71a35d1f88d730a4357eb9fb959a119032778fba",
    "https://esm.noim.io/v103/@vue/shared@3.2.45/dist/shared.d.ts": "6b049c50a1a3bbd3f68f784df0edc942131b1161d0a4f670617639af9dc6d59d",
    "https://esm.noim.io/v103/@vueuse/core@9.11.0/X-ZC9AdnVlL3NoYXJlZEAzLjIuNDU/deno/core.js": "a6a5f2676f3d282254feea77b2bda3a9ac32d8c55da87f58e2a75cb2664bb34b",
    "https://esm.noim.io/v103/@vueuse/core@9.11.0/X-ZC9AdnVlL3NoYXJlZEAzLjIuNDU/index.d.ts": "6f25463ee5e07ccfb24181863ade06fe6a5d961b3e9523cf7440dcce5813e233",
    "https://esm.noim.io/v103/@vueuse/shared@9.11.0/X-ZC9AdnVlL3NoYXJlZEAzLjIuNDU/deno/shared.js": "c50ce875c1a83591a784f2c677dc6fb92cc438f89de43389b3899f57e5c18455",
    "https://esm.noim.io/v103/@vueuse/shared@9.11.0/X-ZC9AdnVlL3NoYXJlZEAzLjIuNDU/index.d.ts": "1ebea6d35b726550e8b9ad674c6c98349bbe507e87352d771d8c9444a955d5da",
    "https://esm.noim.io/v103/csstype@2.6.21/index.d.ts": "d514bad37e8b2036cfa6deaf126241bbe4637f96532162c08e4682a0eaac9485",
    "https://esm.noim.io/v103/date-fns@2.29.3/X-dHMvYWRkSG91cnMsZWFjaE1pbnV0ZU9mSW50ZXJ2YWwsc3ViSG91cnMsc3ViTWlsbGlzZWNvbmRzLHN1YlNlY29uZHM/deno/date-fns.js": "a758f1e2720601d497355679a4cc5d85fbcfe90a38f2b91924a22b097763bfc4",
    "https://esm.noim.io/v103/date-fns@2.29.3/X-dHMvYWRkSG91cnMsZWFjaE1pbnV0ZU9mSW50ZXJ2YWwsc3ViSG91cnMsc3ViTWlsbGlzZWNvbmRzLHN1YlNlY29uZHM/esm~.d.ts": "854cdc32752c20a63ea380b17a93c803d6d1e06fa939fdc231732a7b35e8a906",
    "https://esm.noim.io/v103/date-fns@2.29.3/X-dHMvYWRkSG91cnMsZWFjaE1pbnV0ZU9mSW50ZXJ2YWwsc3ViSG91cnMsc3ViTWlsbGlzZWNvbmRzLHN1YlNlY29uZHM/typings.d.ts": "f039f5ad7b382ec2a62d571bdddd77b31d07e7dee2da05ab6f4c5811e3b3bc46",
    "https://esm.noim.io/v103/date-fns@2.29.3/deno/date-fns.js": "48e5adc5f12afd729d0bf6cc9a45eeb27fdef13b55dd1cc9b7c573e18268b7ec",
    "https://esm.noim.io/v103/date-fns@2.29.3/deno/eachMinuteOfInterval.js": "28f60515f18578a25a7b0102a80f99a85eee1aa34469f54da1f6e5a2b074ac7c",
    "https://esm.noim.io/v103/date-fns@2.29.3/deno/esm/_lib/requiredArgs/index.js": "4a6083b5e30ca6613901cf72443606c693dde827f2409c31310557a008ee73a4",
    "https://esm.noim.io/v103/date-fns@2.29.3/deno/esm/_lib/toInteger/index.js": "15ba88cbecb591431d3619b1f04207fd4888a69553db4fab36da12211fc50e8b",
    "https://esm.noim.io/v103/date-fns@2.29.3/deno/esm/addMilliseconds/index.js": "c2688fd4b451bdc631a5f8595ddc153979c4f750bed005a3c72adf2486542096",
    "https://esm.noim.io/v103/date-fns@2.29.3/deno/esm/addMinutes/index.js": "d3fa95663d17d26f2266cc4d7dd26cb84c54c429678d1cf8b8a21dcb6da9424d",
    "https://esm.noim.io/v103/date-fns@2.29.3/deno/esm/startOfMinute/index.js": "14a844e0587bb9e9f7dc6ce60d69beacfd7f64e70ee3e10216480bd233b9e8d1",
    "https://esm.noim.io/v103/date-fns@2.29.3/deno/esm/toDate/index.js": "7a98d15b20cc81f66afb9e83d176b1e90c2255c8fc391121ba6cf625fb0a7b22",
    "https://esm.noim.io/v103/date-fns@2.29.3/esm~.d.ts": "854cdc32752c20a63ea380b17a93c803d6d1e06fa939fdc231732a7b35e8a906",
    "https://esm.noim.io/v103/date-fns@2.29.3/typings.d.ts": "48563e8ada340dfbe430c2a82f7c58665b6675868976d9d07e0304eb4cc14d6f",
    "https://esm.noim.io/v103/home-assistant-js-websocket@8.0.1/deno/home-assistant-js-websocket.js": "0951ced7d7a65b57c74b6c666f3b9984089a642af4b8b17fca02265acf0edd1b",
    "https://esm.noim.io/v103/home-assistant-js-websocket@8.0.1/dist/auth.d.ts": "cbe1cc1e3c86ae5b175b1a227aa1b6cf7092f16b044fc86db1d7e4b64b94a8f4",
    "https://esm.noim.io/v103/home-assistant-js-websocket@8.0.1/dist/collection.d.ts": "bb8b4296b031f7c72beb9abe673726f4096c060f4bbcb78e4399189126ef74d1",
    "https://esm.noim.io/v103/home-assistant-js-websocket@8.0.1/dist/commands.d.ts": "4f2d724492dd5ff9938ca209c8f4c48a85d08c702a1bcdb52950ef804d9cf44c",
    "https://esm.noim.io/v103/home-assistant-js-websocket@8.0.1/dist/config.d.ts": "344c67c36b27fc0d0de5cf229c6b31ae750c13f3a8d4dbb9ef6db5bddf5fb1be",
    "https://esm.noim.io/v103/home-assistant-js-websocket@8.0.1/dist/connection.d.ts": "6f44eb6541ee69864058d349b9f7a068b43ef39177d9cd2964baa33c80413836",
    "https://esm.noim.io/v103/home-assistant-js-websocket@8.0.1/dist/entities.d.ts": "80f5c2f4feb8298cd4d662aa5505c38719a7a945d0688e274d6bb8c0933dd49c",
    "https://esm.noim.io/v103/home-assistant-js-websocket@8.0.1/dist/errors.d.ts": "05ec08e7721212d4223af280c11683be90655e0ca71f74d76dd16c136d67a906",
    "https://esm.noim.io/v103/home-assistant-js-websocket@8.0.1/dist/index.d.ts": "7ec183325833bfac7da7880ef02a9bddf99f5b95afff5561491fa8e8e353231c",
    "https://esm.noim.io/v103/home-assistant-js-websocket@8.0.1/dist/services.d.ts": "f87af9ee0e17d444557ca841d85d24609231a1ba865a56fc708cf915ab805ba0",
    "https://esm.noim.io/v103/home-assistant-js-websocket@8.0.1/dist/socket.d.ts": "b4d47abca29fc7cb007bddc68f6392341ee6ca6fb3053688e28993077c4cc6b2",
    "https://esm.noim.io/v103/home-assistant-js-websocket@8.0.1/dist/store.d.ts": "40c9bd24b87b64e3331632a2c31ff1fea655d0c1f9d74cccd6a090a40410894a",
    "https://esm.noim.io/v103/home-assistant-js-websocket@8.0.1/dist/types.d.ts": "72da17acf0463b86d6b4800724a6b7a3026d5e15a263e78614f1bc0a23bf044a",
    "https://esm.noim.io/v103/parse-duration@1.0.2/deno/parse-duration.js": "de8e4657a1efb745e02ddc3839da79852f412416a56e0f668fb4caa981863609",
    "https://esm.noim.io/v103/parse-duration@1.0.2/index.d.ts": "1fd8131e0354bca7e1a03057a49fa40849679e0b93a479ff9fb4d8404f92f859",
    "https://esm.noim.io/v103/source-map@0.6.1/source-map.d.ts": "2887592574fcdfd087647c539dcb0fbe5af2521270dad4a37f9d17c16190d579",
    "https://esm.noim.io/v103/suncalc3@2.0.5/deno/suncalc3.js": "02ffcfa9d38a92bb0778757bea63e55d755dce4dcc770c72a931cb35dd50dd7c",
    "https://esm.noim.io/v103/suncalc3@2.0.5/suncalc.d.ts": "854cdc32752c20a63ea380b17a93c803d6d1e06fa939fdc231732a7b35e8a906",
    "https://esm.noim.io/v103/vue-demi@0.13.11/X-ZC9AdnVlL3NoYXJlZEAzLjIuNDU/deno/vue-demi.js": "b4ceb1e6d100fb2eb6dfde4f863072b2d1e1da3fe3de60c2f06f78eba1a31baa",
    "https://esm.noim.io/v103/vue-demi@0.13.11/X-ZC9AdnVlL3NoYXJlZEAzLjIuNDU/lib/index.d.ts": "91ae2264b2e6c72077cc60fe396d479b96405ffd5caaa32ef27b9c7c9632400b",
    "https://esm.noim.io/v103/vue@3.2.45/dist/vue.d.ts": "96c5364d6f1db3a86915e007214218612a7ad2b1a85c043230d2d4d81df5501f",
    "https://raw.githubusercontent.com/Hypnos3/suncalc3/609d315d7787d15ca3f4643f8b121839e8333cee/suncalc.d.ts": "d820c99387da45df04b7a1906c310a95e5eaa313fb4256d16414aae083865b7a"
  }
}
