{
  "version": "2",
  "remote": {
    "https://deno.land/std@0.167.0/_util/asserts.ts": "d0844e9b62510f89ce1f9878b046f6a57bf88f208a10304aab50efcb48365272",
    "https://deno.land/std@0.167.0/_util/os.ts": "8a33345f74990e627b9dfe2de9b040004b08ea5146c7c9e8fe9a29070d193934",
    "https://deno.land/std@0.167.0/encoding/base64.ts": "8605e018e49211efc767686f6f687827d7f5fd5217163e981d8d693105640d7a",
    "https://deno.land/std@0.167.0/fmt/colors.ts": "03ad95e543d2808bc43c17a3dd29d25b43d0f16287fe562a0be89bf632454a12",
    "https://deno.land/std@0.167.0/path/_constants.ts": "df1db3ffa6dd6d1252cc9617e5d72165cd2483df90e93833e13580687b6083c3",
    "https://deno.land/std@0.167.0/path/_interface.ts": "ee3b431a336b80cf445441109d089b70d87d5e248f4f90ff906820889ecf8d09",
    "https://deno.land/std@0.167.0/path/_util.ts": "d16be2a16e1204b65f9d0dfc54a9bc472cafe5f4a190b3c8471ec2016ccd1677",
    "https://deno.land/std@0.167.0/path/common.ts": "bee563630abd2d97f99d83c96c2fa0cca7cee103e8cb4e7699ec4d5db7bd2633",
    "https://deno.land/std@0.167.0/path/glob.ts": "81cc6c72be002cd546c7a22d1f263f82f63f37fe0035d9726aa96fc8f6e4afa1",
    "https://deno.land/std@0.167.0/path/mod.ts": "cf7cec7ac11b7048bb66af8ae03513e66595c279c65cfa12bfc07d9599608b78",
    "https://deno.land/std@0.167.0/path/posix.ts": "b859684bc4d80edfd4cad0a82371b50c716330bed51143d6dcdbe59e6278b30c",
    "https://deno.land/std@0.167.0/path/separator.ts": "fe1816cb765a8068afb3e8f13ad272351c85cbc739af56dacfc7d93d710fe0f9",
    "https://deno.land/std@0.167.0/path/win32.ts": "7cebd2bda6657371adc00061a1d23fdd87bcdf64b4843bb148b0b24c11b40f69",
    "https://deno.land/std@0.170.0/_util/asserts.ts": "d0844e9b62510f89ce1f9878b046f6a57bf88f208a10304aab50efcb48365272",
    "https://deno.land/std@0.170.0/_util/os.ts": "8a33345f74990e627b9dfe2de9b040004b08ea5146c7c9e8fe9a29070d193934",
    "https://deno.land/std@0.170.0/path/_constants.ts": "df1db3ffa6dd6d1252cc9617e5d72165cd2483df90e93833e13580687b6083c3",
    "https://deno.land/std@0.170.0/path/_interface.ts": "ee3b431a336b80cf445441109d089b70d87d5e248f4f90ff906820889ecf8d09",
    "https://deno.land/std@0.170.0/path/_util.ts": "d16be2a16e1204b65f9d0dfc54a9bc472cafe5f4a190b3c8471ec2016ccd1677",
    "https://deno.land/std@0.170.0/path/common.ts": "bee563630abd2d97f99d83c96c2fa0cca7cee103e8cb4e7699ec4d5db7bd2633",
    "https://deno.land/std@0.170.0/path/glob.ts": "81cc6c72be002cd546c7a22d1f263f82f63f37fe0035d9726aa96fc8f6e4afa1",
    "https://deno.land/std@0.170.0/path/mod.ts": "cf7cec7ac11b7048bb66af8ae03513e66595c279c65cfa12bfc07d9599608b78",
    "https://deno.land/std@0.170.0/path/posix.ts": "b859684bc4d80edfd4cad0a82371b50c716330bed51143d6dcdbe59e6278b30c",
    "https://deno.land/std@0.170.0/path/separator.ts": "fe1816cb765a8068afb3e8f13ad272351c85cbc739af56dacfc7d93d710fe0f9",
    "https://deno.land/std@0.170.0/path/win32.ts": "7cebd2bda6657371adc00061a1d23fdd87bcdf64b4843bb148b0b24c11b40f69",
    "https://deno.land/x/cliffy@v0.25.5/_utils/distance.ts": "02af166952c7c358ac83beae397aa2fbca4ad630aecfcd38d92edb1ea429f004",
    "https://deno.land/x/cliffy@v0.25.5/ansi/ansi_escapes.ts": "885f61f343223f27b8ec69cc138a54bea30542924eacd0f290cd84edcf691387",
    "https://deno.land/x/cliffy@v0.25.5/ansi/chain.ts": "31fb9fcbf72fed9f3eb9b9487270d2042ccd46a612d07dd5271b1a80ae2140a0",
    "https://deno.land/x/cliffy@v0.25.5/ansi/cursor_position.ts": "d537491e31d9c254b208277448eff92ff7f55978c4928dea363df92c0df0813f",
    "https://deno.land/x/cliffy@v0.25.5/ansi/deps.ts": "dbcd92e7208a2ed0acdc2c2bbbbae9ff08c4578bde49192cb6a2a0a38f944be2",
    "https://deno.land/x/cliffy@v0.25.5/ansi/tty.ts": "8fb064c17ead6cdf00c2d3bc87a9fd17b1167f2daa575c42b516f38bdb604673",
    "https://deno.land/x/cliffy@v0.25.5/keycode/key_code.ts": "de4f59787d23015acb54ae8f9a05439c933d3f2c60cdf2b290fd6d9109669894",
    "https://deno.land/x/cliffy@v0.25.5/keycode/key_codes.ts": "917f0a2da0dbace08cf29bcfdaaa2257da9fe7e705fff8867d86ed69dfb08cfe",
    "https://deno.land/x/cliffy@v0.25.5/keycode/mod.ts": "292d2f295316c6e0da6955042a7b31ab2968ff09f2300541d00f05ed6c2aa2d4",
    "https://deno.land/x/cliffy@v0.25.5/prompt/_generic_input.ts": "727d9820eed3b174b4ddf6e2057bc5c9be88a21ee074c0f92b1e0a1b38db3366",
    "https://deno.land/x/cliffy@v0.25.5/prompt/_generic_list.ts": "3dc8015738fad5937fe03ab450429ac05ca663cf2b4ae873747d819d243197dc",
    "https://deno.land/x/cliffy@v0.25.5/prompt/_generic_prompt.ts": "c46a1adb7e6e6a030b1e887f062017cb941714e5d6d893989e1d88d4465a9b27",
    "https://deno.land/x/cliffy@v0.25.5/prompt/_generic_suggestions.ts": "57d20659914685dbe7caae1d79dc9e1dec94333af5788c1f14c05dc81e2e48c3",
    "https://deno.land/x/cliffy@v0.25.5/prompt/_utils.ts": "676cca30762656ed1a9bcb21a7254244278a23ffc591750e98a501644b6d2df3",
    "https://deno.land/x/cliffy@v0.25.5/prompt/checkbox.ts": "4e00e94efcd7a9917101f719564b3bf98a7aee0986bb004a4a75125081538b9d",
    "https://deno.land/x/cliffy@v0.25.5/prompt/confirm.ts": "9de9fd0e51f939bac0c6a5758bf6c9aa438d5916de196761091d689c6f950cf0",
    "https://deno.land/x/cliffy@v0.25.5/prompt/deps.ts": "1e04f65fe6f0134e53887ead3f9aaca517e7ad911a9e62e9a1fafd66cd8a6888",
    "https://deno.land/x/cliffy@v0.25.5/prompt/figures.ts": "26af0fbfe21497220e4b887bb550fab997498cde14703b98e78faf370fbb4b94",
    "https://deno.land/x/cliffy@v0.25.5/prompt/input.ts": "8a98b6b2fbfc273785fdaaecc2e976aaf2d1402387045d73fc7d3fbe75023ea5",
    "https://deno.land/x/cliffy@v0.25.5/prompt/list.ts": "4214e85d8755c1937de456583506a6335e346f041d9eba9230e7578bf3bd9dcc",
    "https://deno.land/x/cliffy@v0.25.5/prompt/mod.ts": "195aed14d10d279914eaa28c696dec404d576ca424c097a5bc2b4a7a13b66c89",
    "https://deno.land/x/cliffy@v0.25.5/prompt/number.ts": "65766e272f4fb96d35b3e6f54673987f81119315b2e843ae60516b064eb5ac04",
    "https://deno.land/x/cliffy@v0.25.5/prompt/prompt.ts": "0e7f6a1d43475ee33fb25f7d50749b2f07fc0bcddd9579f3f9af12d05b4a4412",
    "https://deno.land/x/cliffy@v0.25.5/prompt/secret.ts": "4d513925deca97a7ca5110f2fb6290186ce6deb4de93a9ce841737f196e27177",
    "https://deno.land/x/cliffy@v0.25.5/prompt/select.ts": "3e58d118e79933036df69b30fb5aa63101dccee1f044d1a0010f32ad909806d5",
    "https://deno.land/x/cliffy@v0.25.5/prompt/toggle.ts": "16a8aa3f4f22db7d4705cd263569d547b6540c53b057e64a4c4028b610dd1920",
    "https://deno.land/x/dotenv@v3.2.0/mod.ts": "077b48773de9205266a0b44c3c3a3c3083449ed64bb0b6cc461b95720678d38e",
    "https://deno.land/x/dotenv@v3.2.0/util.ts": "693730877b13f8ead2b79b2aa31e2a0652862f7dc0c5f6d2f313f4d39c7b7670",
    "https://raw.githubusercontent.com/Hypnos3/suncalc3/609d315d7787d15ca3f4643f8b121839e8333cee/suncalc.d.ts": "d820c99387da45df04b7a1906c310a95e5eaa313fb4256d16414aae083865b7a",
    "https://raw.githubusercontent.com/jkroso/parse-duration/024c3fe89e3dfe208d5bbceb436f79832d127c92/index.mjs": "79e0b66ad4aadc13b49203f0fb248db1e3ebb53b73bc41508a22698c6dee5e04",
    "https://raw.githubusercontent.com/jkroso/parse-duration/89668a9b8b41cbc1c8a1509fc68e538dca649f36/index.d.ts": "1fd8131e0354bca7e1a03057a49fa40849679e0b93a479ff9fb4d8404f92f859"
  },
  "npm": {
    "specifiers": {
      "@vue-reactivity/watch@0.2.0": "@vue-reactivity/watch@0.2.0_@vue+reactivity@3.2.45",
      "@vue/reactivity@3.2.45": "@vue/reactivity@3.2.45",
      "@vue/runtime-core@3.2.45": "@vue/runtime-core@3.2.45",
      "@vueuse/core@9.8.1": "@vueuse/core@9.8.1",
      "date-fns@2.29.3": "date-fns@2.29.3",
      "home-assistant-js-websocket@8.0.1": "home-assistant-js-websocket@8.0.1",
      "suncalc3@2.0.5": "suncalc3@2.0.5"
    },
    "packages": {
      "@babel/parser@7.20.7": {
        "integrity": "sha512-T3Z9oHybU+0vZlY9CiDSJQTD5ZapcW18ZctFMi0MOAl/4BjFF4ul7NVSARLdbGO5vDqy9eQiGTV0LtKfvCYvcg==",
        "dependencies": {}
      },
      "@esbuild/linux-loong64@0.14.54": {
        "integrity": "sha512-bZBrLAIX1kpWelV0XemxBZllyRmM6vgFQQG2GdNb+r3Fkp0FOh1NJSvekXDs7jq70k4euu1cryLMfU+mTXlEpw==",
        "dependencies": {}
      },
      "@types/web-bluetooth@0.0.16": {
        "integrity": "sha512-oh8q2Zc32S6gd/j50GowEjKLoOVOwHP/bWVjKJInBwQqdOYMdPrf1oVlelTlyfFK3CKxL1uahMDAr+vy8T7yMQ==",
        "dependencies": {}
      },
      "@vue-reactivity/watch@0.2.0_@vue+reactivity@3.2.45": {
        "integrity": "sha512-U1asJgKuzZveyIbohN2TuLL17fz1MfYwq1WqL51UDSDwQmQzP63aC7D1I6XyH7U3Tfgj8OoGr/tZIqqy+rns0A==",
        "dependencies": {
          "@vue/reactivity": "@vue/reactivity@3.2.45",
          "@vue/shared": "@vue/shared@3.2.45",
          "esbuild": "esbuild@0.14.54"
        }
      },
      "@vue/compiler-core@3.2.45": {
        "integrity": "sha512-rcMj7H+PYe5wBV3iYeUgbCglC+pbpN8hBLTJvRiK2eKQiWqu+fG9F+8sW99JdL4LQi7Re178UOxn09puSXvn4A==",
        "dependencies": {
          "@babel/parser": "@babel/parser@7.20.7",
          "@vue/shared": "@vue/shared@3.2.45",
          "estree-walker": "estree-walker@2.0.2",
          "source-map": "source-map@0.6.1"
        }
      },
      "@vue/compiler-dom@3.2.45": {
        "integrity": "sha512-tyYeUEuKqqZO137WrZkpwfPCdiiIeXYCcJ8L4gWz9vqaxzIQRccTSwSWZ/Axx5YR2z+LvpUbmPNXxuBU45lyRw==",
        "dependencies": {
          "@vue/compiler-core": "@vue/compiler-core@3.2.45",
          "@vue/shared": "@vue/shared@3.2.45"
        }
      },
      "@vue/compiler-sfc@3.2.45": {
        "integrity": "sha512-1jXDuWah1ggsnSAOGsec8cFjT/K6TMZ0sPL3o3d84Ft2AYZi2jWJgRMjw4iaK0rBfA89L5gw427H4n1RZQBu6Q==",
        "dependencies": {
          "@babel/parser": "@babel/parser@7.20.7",
          "@vue/compiler-core": "@vue/compiler-core@3.2.45",
          "@vue/compiler-dom": "@vue/compiler-dom@3.2.45",
          "@vue/compiler-ssr": "@vue/compiler-ssr@3.2.45",
          "@vue/reactivity-transform": "@vue/reactivity-transform@3.2.45",
          "@vue/shared": "@vue/shared@3.2.45",
          "estree-walker": "estree-walker@2.0.2",
          "magic-string": "magic-string@0.25.9",
          "postcss": "postcss@8.4.21",
          "source-map": "source-map@0.6.1"
        }
      },
      "@vue/compiler-ssr@3.2.45": {
        "integrity": "sha512-6BRaggEGqhWht3lt24CrIbQSRD5O07MTmd+LjAn5fJj568+R9eUD2F7wMQJjX859seSlrYog7sUtrZSd7feqrQ==",
        "dependencies": {
          "@vue/compiler-dom": "@vue/compiler-dom@3.2.45",
          "@vue/shared": "@vue/shared@3.2.45"
        }
      },
      "@vue/reactivity-transform@3.2.45": {
        "integrity": "sha512-BHVmzYAvM7vcU5WmuYqXpwaBHjsS8T63jlKGWVtHxAHIoMIlmaMyurUSEs1Zcg46M4AYT5MtB1U274/2aNzjJQ==",
        "dependencies": {
          "@babel/parser": "@babel/parser@7.20.7",
          "@vue/compiler-core": "@vue/compiler-core@3.2.45",
          "@vue/shared": "@vue/shared@3.2.45",
          "estree-walker": "estree-walker@2.0.2",
          "magic-string": "magic-string@0.25.9"
        }
      },
      "@vue/reactivity@3.2.45": {
        "integrity": "sha512-PRvhCcQcyEVohW0P8iQ7HDcIOXRjZfAsOds3N99X/Dzewy8TVhTCT4uXpAHfoKjVTJRA0O0K+6QNkDIZAxNi3A==",
        "dependencies": { "@vue/shared": "@vue/shared@3.2.45" }
      },
      "@vue/runtime-core@3.2.45": {
        "integrity": "sha512-gzJiTA3f74cgARptqzYswmoQx0fIA+gGYBfokYVhF8YSXjWTUA2SngRzZRku2HbGbjzB6LBYSbKGIaK8IW+s0A==",
        "dependencies": {
          "@vue/reactivity": "@vue/reactivity@3.2.45",
          "@vue/shared": "@vue/shared@3.2.45"
        }
      },
      "@vue/runtime-dom@3.2.45": {
        "integrity": "sha512-cy88YpfP5Ue2bDBbj75Cb4bIEZUMM/mAkDMfqDTpUYVgTf/kuQ2VQ8LebuZ8k6EudgH8pYhsGWHlY0lcxlvTwA==",
        "dependencies": {
          "@vue/runtime-core": "@vue/runtime-core@3.2.45",
          "@vue/shared": "@vue/shared@3.2.45",
          "csstype": "csstype@2.6.21"
        }
      },
      "@vue/server-renderer@3.2.45_vue@3.2.45": {
        "integrity": "sha512-ebiMq7q24WBU1D6uhPK//2OTR1iRIyxjF5iVq/1a5I1SDMDyDu4Ts6fJaMnjrvD3MqnaiFkKQj+LKAgz5WIK3g==",
        "dependencies": {
          "@vue/compiler-ssr": "@vue/compiler-ssr@3.2.45",
          "@vue/shared": "@vue/shared@3.2.45",
          "vue": "vue@3.2.45"
        }
      },
      "@vue/shared@3.2.45": {
        "integrity": "sha512-Ewzq5Yhimg7pSztDV+RH1UDKBzmtqieXQlpTVm2AwraoRL/Rks96mvd8Vgi7Lj+h+TH8dv7mXD3FRZR3TUvbSg==",
        "dependencies": {}
      },
      "@vueuse/core@9.8.1": {
        "integrity": "sha512-QgJ8XVlOXZwNiaxSztS71KmqmhbDnOmIt+WR2HukHcb1KWYQxDot9YyIXnUX6fLF+GtTzL0DqPl3sRvEe7sr4g==",
        "dependencies": {
          "@types/web-bluetooth": "@types/web-bluetooth@0.0.16",
          "@vueuse/metadata": "@vueuse/metadata@9.8.1",
          "@vueuse/shared": "@vueuse/shared@9.8.1",
          "vue-demi": "vue-demi@0.13.11"
        }
      },
      "@vueuse/metadata@9.8.1": {
        "integrity": "sha512-9/qHh71tC7Mc0Lt7hAsKaiRRX3etWim22eRvSOjZyaAnFgvlHxYv4UbEkREt4diYBSs2Pjx9Jb93JTETy8tv1w==",
        "dependencies": {}
      },
      "@vueuse/shared@9.8.1": {
        "integrity": "sha512-CkrAkr8ZuTdvK3ZJbkitWCKU0iv17KmmoNNHQwiMReSn+d8hUd4XJU9qd4d/qXykVAeC/jxkJLsMsuLzpjNa+Q==",
        "dependencies": { "vue-demi": "vue-demi@0.13.11" }
      },
      "csstype@2.6.21": {
        "integrity": "sha512-Z1PhmomIfypOpoMjRQB70jfvy/wxT50qW08YXO5lMIJkrdq4yOTR+AW7FqutScmB9NkLwxo+jU+kZLbofZZq/w==",
        "dependencies": {}
      },
      "date-fns@2.29.3": {
        "integrity": "sha512-dDCnyH2WnnKusqvZZ6+jA1O51Ibt8ZMRNkDZdyAyK4YfbDwa/cEmuztzG5pk6hqlp9aSBPYcjOlktquahGwGeA==",
        "dependencies": {}
      },
      "esbuild-android-64@0.14.54": {
        "integrity": "sha512-Tz2++Aqqz0rJ7kYBfz+iqyE3QMycD4vk7LBRyWaAVFgFtQ/O8EJOnVmTOiDWYZ/uYzB4kvP+bqejYdVKzE5lAQ==",
        "dependencies": {}
      },
      "esbuild-android-arm64@0.14.54": {
        "integrity": "sha512-F9E+/QDi9sSkLaClO8SOV6etqPd+5DgJje1F9lOWoNncDdOBL2YF59IhsWATSt0TLZbYCf3pNlTHvVV5VfHdvg==",
        "dependencies": {}
      },
      "esbuild-darwin-64@0.14.54": {
        "integrity": "sha512-jtdKWV3nBviOd5v4hOpkVmpxsBy90CGzebpbO9beiqUYVMBtSc0AL9zGftFuBon7PNDcdvNCEuQqw2x0wP9yug==",
        "dependencies": {}
      },
      "esbuild-darwin-arm64@0.14.54": {
        "integrity": "sha512-OPafJHD2oUPyvJMrsCvDGkRrVCar5aVyHfWGQzY1dWnzErjrDuSETxwA2HSsyg2jORLY8yBfzc1MIpUkXlctmw==",
        "dependencies": {}
      },
      "esbuild-freebsd-64@0.14.54": {
        "integrity": "sha512-OKwd4gmwHqOTp4mOGZKe/XUlbDJ4Q9TjX0hMPIDBUWWu/kwhBAudJdBoxnjNf9ocIB6GN6CPowYpR/hRCbSYAg==",
        "dependencies": {}
      },
      "esbuild-freebsd-arm64@0.14.54": {
        "integrity": "sha512-sFwueGr7OvIFiQT6WeG0jRLjkjdqWWSrfbVwZp8iMP+8UHEHRBvlaxL6IuKNDwAozNUmbb8nIMXa7oAOARGs1Q==",
        "dependencies": {}
      },
      "esbuild-linux-32@0.14.54": {
        "integrity": "sha512-1ZuY+JDI//WmklKlBgJnglpUL1owm2OX+8E1syCD6UAxcMM/XoWd76OHSjl/0MR0LisSAXDqgjT3uJqT67O3qw==",
        "dependencies": {}
      },
      "esbuild-linux-64@0.14.54": {
        "integrity": "sha512-EgjAgH5HwTbtNsTqQOXWApBaPVdDn7XcK+/PtJwZLT1UmpLoznPd8c5CxqsH2dQK3j05YsB3L17T8vE7cp4cCg==",
        "dependencies": {}
      },
      "esbuild-linux-arm64@0.14.54": {
        "integrity": "sha512-WL71L+0Rwv+Gv/HTmxTEmpv0UgmxYa5ftZILVi2QmZBgX3q7+tDeOQNqGtdXSdsL8TQi1vIaVFHUPDe0O0kdig==",
        "dependencies": {}
      },
      "esbuild-linux-arm@0.14.54": {
        "integrity": "sha512-qqz/SjemQhVMTnvcLGoLOdFpCYbz4v4fUo+TfsWG+1aOu70/80RV6bgNpR2JCrppV2moUQkww+6bWxXRL9YMGw==",
        "dependencies": {}
      },
      "esbuild-linux-mips64le@0.14.54": {
        "integrity": "sha512-qTHGQB8D1etd0u1+sB6p0ikLKRVuCWhYQhAHRPkO+OF3I/iSlTKNNS0Lh2Oc0g0UFGguaFZZiPJdJey3AGpAlw==",
        "dependencies": {}
      },
      "esbuild-linux-ppc64le@0.14.54": {
        "integrity": "sha512-j3OMlzHiqwZBDPRCDFKcx595XVfOfOnv68Ax3U4UKZ3MTYQB5Yz3X1mn5GnodEVYzhtZgxEBidLWeIs8FDSfrQ==",
        "dependencies": {}
      },
      "esbuild-linux-riscv64@0.14.54": {
        "integrity": "sha512-y7Vt7Wl9dkOGZjxQZnDAqqn+XOqFD7IMWiewY5SPlNlzMX39ocPQlOaoxvT4FllA5viyV26/QzHtvTjVNOxHZg==",
        "dependencies": {}
      },
      "esbuild-linux-s390x@0.14.54": {
        "integrity": "sha512-zaHpW9dziAsi7lRcyV4r8dhfG1qBidQWUXweUjnw+lliChJqQr+6XD71K41oEIC3Mx1KStovEmlzm+MkGZHnHA==",
        "dependencies": {}
      },
      "esbuild-netbsd-64@0.14.54": {
        "integrity": "sha512-PR01lmIMnfJTgeU9VJTDY9ZerDWVFIUzAtJuDHwwceppW7cQWjBBqP48NdeRtoP04/AtO9a7w3viI+PIDr6d+w==",
        "dependencies": {}
      },
      "esbuild-openbsd-64@0.14.54": {
        "integrity": "sha512-Qyk7ikT2o7Wu76UsvvDS5q0amJvmRzDyVlL0qf5VLsLchjCa1+IAvd8kTBgUxD7VBUUVgItLkk609ZHUc1oCaw==",
        "dependencies": {}
      },
      "esbuild-sunos-64@0.14.54": {
        "integrity": "sha512-28GZ24KmMSeKi5ueWzMcco6EBHStL3B6ubM7M51RmPwXQGLe0teBGJocmWhgwccA1GeFXqxzILIxXpHbl9Q/Kw==",
        "dependencies": {}
      },
      "esbuild-windows-32@0.14.54": {
        "integrity": "sha512-T+rdZW19ql9MjS7pixmZYVObd9G7kcaZo+sETqNH4RCkuuYSuv9AGHUVnPoP9hhuE1WM1ZimHz1CIBHBboLU7w==",
        "dependencies": {}
      },
      "esbuild-windows-64@0.14.54": {
        "integrity": "sha512-AoHTRBUuYwXtZhjXZbA1pGfTo8cJo3vZIcWGLiUcTNgHpJJMC1rVA44ZereBHMJtotyN71S8Qw0npiCIkW96cQ==",
        "dependencies": {}
      },
      "esbuild-windows-arm64@0.14.54": {
        "integrity": "sha512-M0kuUvXhot1zOISQGXwWn6YtS+Y/1RT9WrVIOywZnJHo3jCDyewAc79aKNQWFCQm+xNHVTq9h8dZKvygoXQQRg==",
        "dependencies": {}
      },
      "esbuild@0.14.54": {
        "integrity": "sha512-Cy9llcy8DvET5uznocPyqL3BFRrFXSVqbgpMJ9Wz8oVjZlh/zUSNbPRbov0VX7VxN2JH1Oa0uNxZ7eLRb62pJA==",
        "dependencies": {
          "@esbuild/linux-loong64": "@esbuild/linux-loong64@0.14.54",
          "esbuild-android-64": "esbuild-android-64@0.14.54",
          "esbuild-android-arm64": "esbuild-android-arm64@0.14.54",
          "esbuild-darwin-64": "esbuild-darwin-64@0.14.54",
          "esbuild-darwin-arm64": "esbuild-darwin-arm64@0.14.54",
          "esbuild-freebsd-64": "esbuild-freebsd-64@0.14.54",
          "esbuild-freebsd-arm64": "esbuild-freebsd-arm64@0.14.54",
          "esbuild-linux-32": "esbuild-linux-32@0.14.54",
          "esbuild-linux-64": "esbuild-linux-64@0.14.54",
          "esbuild-linux-arm": "esbuild-linux-arm@0.14.54",
          "esbuild-linux-arm64": "esbuild-linux-arm64@0.14.54",
          "esbuild-linux-mips64le": "esbuild-linux-mips64le@0.14.54",
          "esbuild-linux-ppc64le": "esbuild-linux-ppc64le@0.14.54",
          "esbuild-linux-riscv64": "esbuild-linux-riscv64@0.14.54",
          "esbuild-linux-s390x": "esbuild-linux-s390x@0.14.54",
          "esbuild-netbsd-64": "esbuild-netbsd-64@0.14.54",
          "esbuild-openbsd-64": "esbuild-openbsd-64@0.14.54",
          "esbuild-sunos-64": "esbuild-sunos-64@0.14.54",
          "esbuild-windows-32": "esbuild-windows-32@0.14.54",
          "esbuild-windows-64": "esbuild-windows-64@0.14.54",
          "esbuild-windows-arm64": "esbuild-windows-arm64@0.14.54"
        }
      },
      "estree-walker@2.0.2": {
        "integrity": "sha512-Rfkk/Mp/DL7JVje3u18FxFujQlTNR2q6QfMSMB7AvCBx91NGj/ba3kCfza0f6dVDbw7YlRf/nDrn7pQrCCyQ/w==",
        "dependencies": {}
      },
      "home-assistant-js-websocket@8.0.1": {
        "integrity": "sha512-CVi1yu4+hj3m3+ZxgzEYiP+UYFmjf/iAsUKVyCmhVm9T8Pn7ZCeW16O3pniC4h1DOmTuXW+z4v373UwKxVOMAg==",
        "dependencies": {}
      },
      "magic-string@0.25.9": {
        "integrity": "sha512-RmF0AsMzgt25qzqqLc1+MbHmhdx0ojF2Fvs4XnOqz2ZOBXzzkEwc/dJQZCYHAn7v1jbVOjAZfK8msRn4BxO4VQ==",
        "dependencies": { "sourcemap-codec": "sourcemap-codec@1.4.8" }
      },
      "nanoid@3.3.4": {
        "integrity": "sha512-MqBkQh/OHTS2egovRtLk45wEyNXwF+cokD+1YPf9u5VfJiRdAiRwB2froX5Co9Rh20xs4siNPm8naNotSD6RBw==",
        "dependencies": {}
      },
      "picocolors@1.0.0": {
        "integrity": "sha512-1fygroTLlHu66zi26VoTDv8yRgm0Fccecssto+MhsZ0D/DGW2sm8E8AjW7NU5VVTRt5GxbeZ5qBuJr+HyLYkjQ==",
        "dependencies": {}
      },
      "postcss@8.4.21": {
        "integrity": "sha512-tP7u/Sn/dVxK2NnruI4H9BG+x+Wxz6oeZ1cJ8P6G/PZY0IKk4k/63TDsQf2kQq3+qoJeLm2kIBUNlZe3zgb4Zg==",
        "dependencies": {
          "nanoid": "nanoid@3.3.4",
          "picocolors": "picocolors@1.0.0",
          "source-map-js": "source-map-js@1.0.2"
        }
      },
      "source-map-js@1.0.2": {
        "integrity": "sha512-R0XvVJ9WusLiqTCEiGCmICCMplcCkIwwR11mOSD9CR5u+IXYdiseeEuXCVAjS54zqwkLcPNnmU4OeJ6tUrWhDw==",
        "dependencies": {}
      },
      "source-map@0.6.1": {
        "integrity": "sha512-UjgapumWlbMhkBgzT7Ykc5YXUT46F0iKu8SGXq0bcwP5dz/h0Plj6enJqjz1Zbq2l5WaqYnrVbwWOWMyF3F47g==",
        "dependencies": {}
      },
      "sourcemap-codec@1.4.8": {
        "integrity": "sha512-9NykojV5Uih4lgo5So5dtw+f0JgJX30KCNI8gwhz2J9A15wD0Ml6tjHKwf6fTSa6fAdVBdZeNOs9eJ71qCk8vA==",
        "dependencies": {}
      },
      "suncalc3@2.0.5": {
        "integrity": "sha512-Hi8earJouQOzxwSoRjF75d8kl8ZzX/Zwzsr6pKkdgP1rNnOenPRrB6GDhx56j6PeOdghQCos/rA4YT95oqOvcA==",
        "dependencies": {}
      },
      "vue-demi@0.13.11": {
        "integrity": "sha512-IR8HoEEGM65YY3ZJYAjMlKygDQn25D5ajNFNoKh9RSDMQtlzCxtfQjdQgv9jjK+m3377SsJXY8ysq8kLCZL25A==",
        "dependencies": { "vue": "vue@3.2.45" }
      },
      "vue@3.2.45": {
        "integrity": "sha512-9Nx/Mg2b2xWlXykmCwiTUCWHbWIj53bnkizBxKai1g61f2Xit700A1ljowpTIM11e3uipOeiPcSqnmBg6gyiaA==",
        "dependencies": {
          "@vue/compiler-dom": "@vue/compiler-dom@3.2.45",
          "@vue/compiler-sfc": "@vue/compiler-sfc@3.2.45",
          "@vue/runtime-dom": "@vue/runtime-dom@3.2.45",
          "@vue/server-renderer": "@vue/server-renderer@3.2.45_vue@3.2.45",
          "@vue/shared": "@vue/shared@3.2.45"
        }
      }
    }
  }
}
