{
  "version": "2",
  "remote": {
    "https://deno.land/std@0.170.0/_util/asserts.ts": "d0844e9b62510f89ce1f9878b046f6a57bf88f208a10304aab50efcb48365272",
    "https://deno.land/std@0.170.0/_util/os.ts": "8a33345f74990e627b9dfe2de9b040004b08ea5146c7c9e8fe9a29070d193934",
    "https://deno.land/std@0.170.0/encoding/base64.ts": "8605e018e49211efc767686f6f687827d7f5fd5217163e981d8d693105640d7a",
    "https://deno.land/std@0.170.0/fmt/colors.ts": "03ad95e543d2808bc43c17a3dd29d25b43d0f16287fe562a0be89bf632454a12",
    "https://deno.land/std@0.170.0/path/_constants.ts": "df1db3ffa6dd6d1252cc9617e5d72165cd2483df90e93833e13580687b6083c3",
    "https://deno.land/std@0.170.0/path/_interface.ts": "ee3b431a336b80cf445441109d089b70d87d5e248f4f90ff906820889ecf8d09",
    "https://deno.land/std@0.170.0/path/_util.ts": "d16be2a16e1204b65f9d0dfc54a9bc472cafe5f4a190b3c8471ec2016ccd1677",
    "https://deno.land/std@0.170.0/path/common.ts": "bee563630abd2d97f99d83c96c2fa0cca7cee103e8cb4e7699ec4d5db7bd2633",
    "https://deno.land/std@0.170.0/path/glob.ts": "81cc6c72be002cd546c7a22d1f263f82f63f37fe0035d9726aa96fc8f6e4afa1",
    "https://deno.land/std@0.170.0/path/mod.ts": "cf7cec7ac11b7048bb66af8ae03513e66595c279c65cfa12bfc07d9599608b78",
    "https://deno.land/std@0.170.0/path/posix.ts": "b859684bc4d80edfd4cad0a82371b50c716330bed51143d6dcdbe59e6278b30c",
    "https://deno.land/std@0.170.0/path/separator.ts": "fe1816cb765a8068afb3e8f13ad272351c85cbc739af56dacfc7d93d710fe0f9",
    "https://deno.land/std@0.170.0/path/win32.ts": "7cebd2bda6657371adc00061a1d23fdd87bcdf64b4843bb148b0b24c11b40f69",
    "https://deno.land/std@0.193.0/_util/asserts.ts": "178dfc49a464aee693a7e285567b3d0b555dc805ff490505a8aae34f9cfb1462",
    "https://deno.land/std@0.193.0/_util/os.ts": "d932f56d41e4f6a6093d56044e29ce637f8dcc43c5a90af43504a889cf1775e3",
    "https://deno.land/std@0.193.0/flags/mod.ts": "17f444ddbee43c5487568de0c6a076c7729cfe90d96d2ffcd2b8f8adadafb6e8",
    "https://deno.land/std@0.193.0/fs/_util.ts": "fbf57dcdc9f7bc8128d60301eece608246971a7836a3bb1e78da75314f08b978",
    "https://deno.land/std@0.193.0/fs/copy.ts": "14214efd94fc3aa6db1e4af2b4b9578e50f7362b7f3725d5a14ad259a5df26c8",
    "https://deno.land/std@0.193.0/fs/empty_dir.ts": "c3d2da4c7352fab1cf144a1ecfef58090769e8af633678e0f3fabaef98594688",
    "https://deno.land/std@0.193.0/fs/ensure_dir.ts": "dc64c4c75c64721d4e3fb681f1382f803ff3d2868f08563ff923fdd20d071c40",
    "https://deno.land/std@0.193.0/fs/ensure_file.ts": "c38602670bfaf259d86ca824a94e6cb9e5eb73757fefa4ebf43a90dd017d53d9",
    "https://deno.land/std@0.193.0/fs/ensure_link.ts": "c0f5b2f0ec094ed52b9128eccb1ee23362a617457aa0f699b145d4883f5b2fb4",
    "https://deno.land/std@0.193.0/fs/ensure_symlink.ts": "5006ab2f458159c56d689b53b1e48d57e05eeb1eaf64e677f7f76a30bc4fdba1",
    "https://deno.land/std@0.193.0/fs/eol.ts": "f1f2eb348a750c34500741987b21d65607f352cf7205f48f4319d417fff42842",
    "https://deno.land/std@0.193.0/fs/exists.ts": "29c26bca8584a22876be7cb8844f1b6c8fc35e9af514576b78f5c6884d7ed02d",
    "https://deno.land/std@0.193.0/fs/expand_glob.ts": "e4f56259a0a70fe23f05215b00de3ac5e6ba46646ab2a06ebbe9b010f81c972a",
    "https://deno.land/std@0.193.0/fs/mod.ts": "bc3d0acd488cc7b42627044caf47d72019846d459279544e1934418955ba4898",
    "https://deno.land/std@0.193.0/fs/move.ts": "b4f8f46730b40c32ea3c0bc8eb0fd0e8139249a698883c7b3756424cf19785c9",
    "https://deno.land/std@0.193.0/fs/walk.ts": "920be35a7376db6c0b5b1caf1486fb962925e38c9825f90367f8f26b5e5d0897",
    "https://deno.land/std@0.193.0/path/_constants.ts": "e49961f6f4f48039c0dfed3c3f93e963ca3d92791c9d478ac5b43183413136e0",
    "https://deno.land/std@0.193.0/path/_interface.ts": "6471159dfbbc357e03882c2266d21ef9afdb1e4aa771b0545e90db58a0ba314b",
    "https://deno.land/std@0.193.0/path/_util.ts": "d7abb1e0dea065f427b89156e28cdeb32b045870acdf865833ba808a73b576d0",
    "https://deno.land/std@0.193.0/path/common.ts": "ee7505ab01fd22de3963b64e46cff31f40de34f9f8de1fff6a1bd2fe79380000",
    "https://deno.land/std@0.193.0/path/glob.ts": "d479e0a695621c94d3fd7fe7abd4f9499caf32a8de13f25073451c6ef420a4e1",
    "https://deno.land/std@0.193.0/path/mod.ts": "f065032a7189404fdac3ad1a1551a9ac84751d2f25c431e101787846c86c79ef",
    "https://deno.land/std@0.193.0/path/posix.ts": "8b7c67ac338714b30c816079303d0285dd24af6b284f7ad63da5b27372a2c94d",
    "https://deno.land/std@0.193.0/path/separator.ts": "0fb679739d0d1d7bf45b68dacfb4ec7563597a902edbaf3c59b50d5bcadd93b1",
    "https://deno.land/std@0.193.0/path/win32.ts": "d186344e5583bcbf8b18af416d13d82b35a317116e6460a5a3953508c3de5bba",
    "https://deno.land/x/cliffy@v0.25.7/_utils/distance.ts": "02af166952c7c358ac83beae397aa2fbca4ad630aecfcd38d92edb1ea429f004",
    "https://deno.land/x/cliffy@v0.25.7/ansi/ansi_escapes.ts": "885f61f343223f27b8ec69cc138a54bea30542924eacd0f290cd84edcf691387",
    "https://deno.land/x/cliffy@v0.25.7/ansi/cursor_position.ts": "d537491e31d9c254b208277448eff92ff7f55978c4928dea363df92c0df0813f",
    "https://deno.land/x/cliffy@v0.25.7/ansi/deps.ts": "0f35cb7e91868ce81561f6a77426ea8bc55dc15e13f84c7352f211023af79053",
    "https://deno.land/x/cliffy@v0.25.7/ansi/tty.ts": "8fb064c17ead6cdf00c2d3bc87a9fd17b1167f2daa575c42b516f38bdb604673",
    "https://deno.land/x/cliffy@v0.25.7/keycode/key_code.ts": "c4ab0ffd102c2534962b765ded6d8d254631821bf568143d9352c1cdcf7a24be",
    "https://deno.land/x/cliffy@v0.25.7/keycode/key_codes.ts": "917f0a2da0dbace08cf29bcfdaaa2257da9fe7e705fff8867d86ed69dfb08cfe",
    "https://deno.land/x/cliffy@v0.25.7/prompt/_generic_input.ts": "737cff2de02c8ce35250f5dd79c67b5fc176423191a2abd1f471a90dd725659e",
    "https://deno.land/x/cliffy@v0.25.7/prompt/_generic_list.ts": "79b301bf09eb19f0d070d897f613f78d4e9f93100d7e9a26349ef0bfaa7408d2",
    "https://deno.land/x/cliffy@v0.25.7/prompt/_generic_prompt.ts": "8630ce89a66d83e695922df41721cada52900b515385d86def597dea35971bb2",
    "https://deno.land/x/cliffy@v0.25.7/prompt/_generic_suggestions.ts": "2a8b619f91e8f9a270811eff557f10f1343a444a527b5fc22c94de832939920c",
    "https://deno.land/x/cliffy@v0.25.7/prompt/_utils.ts": "676cca30762656ed1a9bcb21a7254244278a23ffc591750e98a501644b6d2df3",
    "https://deno.land/x/cliffy@v0.25.7/prompt/checkbox.ts": "e5a5a9adbb86835dffa2afbd23c6f7a8fe25a9d166485388ef25aba5dc3fbf9e",
    "https://deno.land/x/cliffy@v0.25.7/prompt/confirm.ts": "94c8e55de3bbcd53732804420935c432eab29945497d1c47c357d236a89cb5f6",
    "https://deno.land/x/cliffy@v0.25.7/prompt/deps.ts": "4c38ab18e55a792c9a136c1c29b2b6e21ea4820c45de7ef4cf517ce94012c57d",
    "https://deno.land/x/cliffy@v0.25.7/prompt/figures.ts": "26af0fbfe21497220e4b887bb550fab997498cde14703b98e78faf370fbb4b94",
    "https://deno.land/x/cliffy@v0.25.7/prompt/input.ts": "ee45532e0a30c2463e436e08ae291d79d1c2c40872e17364c96d2b97c279bf4d",
    "https://deno.land/x/cliffy@v0.25.7/prompt/list.ts": "6780427ff2a932a48c9b882d173c64802081d6cdce9ff618d66ba6504b6abc50",
    "https://deno.land/x/cliffy@v0.25.7/prompt/mod.ts": "195aed14d10d279914eaa28c696dec404d576ca424c097a5bc2b4a7a13b66c89",
    "https://deno.land/x/cliffy@v0.25.7/prompt/number.ts": "015305a76b50138234dde4fd50eb886c6c7c0baa1b314caf811484644acdc2cf",
    "https://deno.land/x/cliffy@v0.25.7/prompt/prompt.ts": "0e7f6a1d43475ee33fb25f7d50749b2f07fc0bcddd9579f3f9af12d05b4a4412",
    "https://deno.land/x/cliffy@v0.25.7/prompt/secret.ts": "58745f5231fb2c44294c4acf2511f8c5bfddfa1e12f259580ff90dedea2703d6",
    "https://deno.land/x/cliffy@v0.25.7/prompt/select.ts": "1e982eae85718e4e15a3ee10a5ae2233e532d7977d55888f3a309e8e3982b784",
    "https://deno.land/x/cliffy@v0.25.7/prompt/toggle.ts": "842c3754a40732f2e80bcd4670098713e402e64bd930e6cab2b787f7ad4d931a",
    "https://deno.land/x/dotenv@v3.2.2/mod.ts": "077b48773de9205266a0b44c3c3a3c3083449ed64bb0b6cc461b95720678d38e",
    "https://deno.land/x/dotenv@v3.2.2/util.ts": "693730877b13f8ead2b79b2aa31e2a0652862f7dc0c5f6d2f313f4d39c7b7670",
    "https://esm.noim.io/@vue/reactivity@3.3.4": "8a126fc6cd6ae45280d84b3664e8597ac941cc6279f6eaa75415c9c11d26ad4e",
    "https://esm.noim.io/@vue/runtime-core@3.3.4": "99c926e65cb91706517a374065508c77c1873b7179bff7fd16186263a18f137e",
    "https://esm.noim.io/@vueuse/core@10.2.1?deps=@vue/shared@3.3.4&externals=@vue/runtime-dom": "3203d21b28b12ed39a1f9c35175abedcef60656613fb6d1fe27307f9ac00c057",
    "https://esm.noim.io/@vueuse/core@9.13.0?deps=@vue/shared@3.3.4&externals=@vue/runtime-dom": "4a0a26ff9ba5b0728773e3c32df9213a1061039f7c3c6e18e01c863ea99d698c",
    "https://esm.noim.io/date-fns@2.30.0": "9dacdd8271d1e0c489af72e6557e1a65b7b8236ee0b244e41e202a6882b11c68",
    "https://esm.noim.io/home-assistant-js-websocket@8.1.0": "0a3aa55c22e47ce7d9f06f2f17b94a978f6eb16e353a3c99f32b12de9bd4d6a7",
    "https://esm.noim.io/parse-duration@1.1.0": "a6aa29ca15e8546fe5bb6886c73df436831f403d60ffde809410f204bb1abc60",
    "https://esm.noim.io/stable/@vue/reactivity@3.3.4/denonext/reactivity.mjs": "99dcaed2e52b34fc4f77f3e9a44a539935306ec3f4597e0737b7ed1be7901183",
    "https://esm.noim.io/stable/@vue/runtime-core@3.3.4/denonext/runtime-core.mjs": "177d7094761f4b6075066e31b8db3e46cc84b19fe5ec5b707687902867d16bea",
    "https://esm.noim.io/stable/@vue/runtime-dom@3.3.4/denonext/runtime-dom.mjs": "d5363c33be52f82869278ffd41242a8cac721d6c389e0b6bd4f6d55397844895",
    "https://esm.noim.io/stable/@vue/shared@3.3.4/denonext/shared.mjs": "d14bdf0b011d5d8255893e8b51b65af1269d73b918cbeef8d02da127787ad2f2",
    "https://esm.noim.io/stable/vue@3.3.4/denonext/vue.mjs": "a51b115fe7b4521e2e66703e9c199d27ec4988247b0ac97bca2763ea3d4cacf6",
    "https://esm.noim.io/suncalc3@2.0.5": "2870eb9cd8e73f560cb13837ebc2a169b8fb17ca9fa5412e96e8a944a4ede8a8",
    "https://esm.noim.io/v128/@babel/runtime@7.22.6/denonext/helpers/esm/assertThisInitialized.js": "de5be8e5177663f65b3c04ba4db32bf860092014af845beb0e63c87c58b99edb",
    "https://esm.noim.io/v128/@babel/runtime@7.22.6/denonext/helpers/esm/classCallCheck.js": "2bc07fa3ca8bf9736ca3ba70888d1f19d9dec886b8df69b479a6e2ad0ee56dae",
    "https://esm.noim.io/v128/@babel/runtime@7.22.6/denonext/helpers/esm/createClass.js": "eb778b2ac55cd22279c3754e8945542537989bb3a9404ee5bbcf2f2aac0cdeea",
    "https://esm.noim.io/v128/@babel/runtime@7.22.6/denonext/helpers/esm/createForOfIteratorHelper.js": "855355e6fb56e3d32398f4f23f746b059f1e32ee8c32177035c49992441d0667",
    "https://esm.noim.io/v128/@babel/runtime@7.22.6/denonext/helpers/esm/createSuper.js": "7ade7e8045ea4fd117e8d5ac72a5650cbabe5f5778cb3d7154aec5af5fca841b",
    "https://esm.noim.io/v128/@babel/runtime@7.22.6/denonext/helpers/esm/defineProperty.js": "117c72d27300a9726054ba49bef856bea93c2379c06063379280ed91de0f5a4c",
    "https://esm.noim.io/v128/@babel/runtime@7.22.6/denonext/helpers/esm/inherits.js": "e9a853d1afb5c5854436cfe1b89bd7c0126c464f6059516adc4c90dbd1edb6ac",
    "https://esm.noim.io/v128/@babel/runtime@7.22.6/denonext/helpers/esm/typeof.js": "c13c420d835607410ab60a398e7f2681e60d48a0068d1ed527a9e69367ebda50",
    "https://esm.noim.io/v128/@vueuse/core@10.2.1/X-ZC9AdnVlL3NoYXJlZEAzLjMuNA/denonext/core.mjs": "39ac043eb5c12fc6bcb6269e2b19d5f420528ac0805f575fd794b614a85e4354",
    "https://esm.noim.io/v128/@vueuse/core@9.13.0/X-ZC9AdnVlL3NoYXJlZEAzLjMuNA/denonext/core.mjs": "6cc825cc04a823908aec3b93aee2351209a8da8296e2258a829a993b869367db",
    "https://esm.noim.io/v128/@vueuse/shared@10.2.1/denonext/shared.mjs": "e274fd4bed1d150b1d51a2d4e7da6b9ae476e5c475fd1c1732274612ce2f2814",
    "https://esm.noim.io/v128/@vueuse/shared@9.13.0/denonext/shared.mjs": "9e5dbc1055af2da00085c6b05cd4fdf0d9db77a9f30c59dcdeacfa565ea10b1c",
    "https://esm.noim.io/v128/date-fns@2.30.0/denonext/date-fns.mjs": "afcd17b3cbcd0700739abbfc1d785ff290abcb7bcf87bfea7bc001163806b377",
    "https://esm.noim.io/v128/home-assistant-js-websocket@8.1.0/denonext/home-assistant-js-websocket.mjs": "cc3e8ffab4045ecf93b9bee7c20d6d98c3eae0ef34b67c6aafbcd1ed2bc0106d",
    "https://esm.noim.io/v128/parse-duration@1.1.0/denonext/parse-duration.mjs": "d2f3d8fedbbee8e1793b6f872a76d6ac3b133b279190ae5bc3172b5abdbdb265",
    "https://esm.noim.io/v128/suncalc3@2.0.5/denonext/suncalc3.mjs": "4f6a3cd09d03019c9ec1aa5f6e7c0587c0c4956b2bb554888134133741afa57b",
    "https://esm.noim.io/v128/vue-demi@0.14.5/denonext/vue-demi.mjs": "9a46f614af0b57d79c9fa2d5e0523a913aab3e297e858eb229a9a7bfaad76391"
  }
}
